{
  "name": "be-meetup-challenge",
  "version": "1.0.0",
  "lockfileVersion": 2,
  "requires": true,
  "packages": {
    "": {
      "name": "be-meetup-challenge",
      "version": "1.0.0",
      "license": "ISC",
      "dependencies": {
        "http-parser-js": "^0.5.6",
        "llhttp": "^1.0.1",
        "turbo-http": "^0.3.2",
        "turbo-net": "^1.4.0"
      }
    },
    "node_modules/@types/debug": {
      "version": "4.1.5",
      "resolved": "https://registry.npmjs.org/@types/debug/-/debug-4.1.5.tgz",
      "integrity": "sha512-Q1y515GcOdTHgagaVFhHnIFQ38ygs/kmxdNpvpou+raI9UO3YZcHDngBSYKQklcKlvA7iuQlmIKbzvmxcOE9CQ=="
    },
    "node_modules/@types/semver": {
      "version": "5.5.0",
      "resolved": "https://registry.npmjs.org/@types/semver/-/semver-5.5.0.tgz",
      "integrity": "sha512-41qEJgBH/TWgo5NFSvBCJ1qkoi3Q6ONSF2avrHq1LVEZfYpdHmj0y9SuTK+u9ZhG1sYQKBL1AWXKyLWP4RaUoQ=="
    },
    "node_modules/binary-search": {
      "version": "1.3.6",
      "resolved": "https://registry.npmjs.org/binary-search/-/binary-search-1.3.6.tgz",
      "integrity": "sha512-nbE1WxOTTrUWIfsfZ4aHGYu5DOuNkbxGokjV6Z2kxfJK3uaAb8zNK1muzOeipoLHZjInT4Br88BHpzevc681xA=="
    },
    "node_modules/bitcode": {
      "version": "1.2.0",
      "resolved": "https://registry.npmjs.org/bitcode/-/bitcode-1.2.0.tgz",
      "integrity": "sha512-cWgZK/ri/1ZUJ+UKEwP9Cqw10WY5wHz+boMxVO4vvc0btmxa2tMc2m2Zk9HYdCyx4b5+sgQM1/NCJPTIPO1XOw==",
      "dependencies": {
        "bitcode-builder": "^1.2.0"
      }
    },
    "node_modules/bitcode-builder": {
      "version": "1.2.0",
      "resolved": "https://registry.npmjs.org/bitcode-builder/-/bitcode-builder-1.2.0.tgz",
      "integrity": "sha512-biuJIhrog5d1IFMaKtHMJ8PJ1L3zxiWdclwYErjOBWf8Gwyqa4XwflvMufzcQw/OUeAArO1AqOrqsOFsWJ94OA=="
    },
    "node_modules/debug": {
      "version": "3.2.7",
      "resolved": "https://registry.npmjs.org/debug/-/debug-3.2.7.tgz",
      "integrity": "sha512-CFjzYYAi4ThfiQvizrFQevTTXHtnCqWfe7x1AhgEscTz6ZbLbfoLRLPugTQyBth6f8ZERVUSyWHFD/7Wu4t1XQ==",
      "dependencies": {
        "ms": "^2.1.1"
      }
    },
    "node_modules/http-parser-js": {
      "version": "0.5.6",
      "resolved": "https://registry.npmjs.org/http-parser-js/-/http-parser-js-0.5.6.tgz",
      "integrity": "sha512-vDlkRPDJn93swjcjqMSaGSPABbIarsr1TLAui/gLDXzV5VsJNdXNzMYDyNBLQkjWQCJ1uizu8T2oDMhmGt0PRA=="
    },
    "node_modules/llhttp": {
      "version": "1.0.1",
      "resolved": "https://registry.npmjs.org/llhttp/-/llhttp-1.0.1.tgz",
      "integrity": "sha512-/27GfbLIVASdOmyKIMldvv4jgVsQNIXhmg50aP+yT8Xph7C/D+azbx7tyg9NygxT3xB+SYG1UKWGvDTmVAU7Rw==",
      "dependencies": {
        "@types/semver": "^5.5.0",
        "llparse": "^6.0.1",
        "semver": "^5.6.0"
      }
    },
    "node_modules/llparse": {
      "version": "6.4.0",
      "resolved": "https://registry.npmjs.org/llparse/-/llparse-6.4.0.tgz",
      "integrity": "sha512-ySA+bj2wOLXrKmohAVMw0Nq84oHDPLdg+sUx4+VeSk1U72MEKfKAXS7zh82n15BRjWc/cVgWBN9RQAFdgk0g5Q==",
      "dependencies": {
        "bitcode": "^1.2.0",
        "debug": "^3.2.6",
        "llparse-frontend": "^1.4.0"
      }
    },
    "node_modules/llparse-builder": {
      "version": "1.5.2",
      "resolved": "https://registry.npmjs.org/llparse-builder/-/llparse-builder-1.5.2.tgz",
      "integrity": "sha512-i862UNC3YUEdlfK/NUCJxlKjtWjgAI9AJXDRgjcfRHfwFt4Sf8eFPTRsc91/2R9MBZ0kyFdfhi8SVhMsZf1gNQ==",
      "dependencies": {
        "@types/debug": "4.1.5  ",
        "binary-search": "^1.3.6",
        "debug": "^4.2.0"
      }
    },
    "node_modules/llparse-builder/node_modules/debug": {
      "version": "4.3.4",
      "resolved": "https://registry.npmjs.org/debug/-/debug-4.3.4.tgz",
      "integrity": "sha512-PRWFHuSU3eDtQJPvnNY7Jcket1j0t5OuOsFzPPzsekD52Zl8qUfFIPEiswXqIvHWGVHOgX+7G/vCNNhehwxfkQ==",
      "dependencies": {
        "ms": "2.1.2"
      },
      "engines": {
        "node": ">=6.0"
      },
      "peerDependenciesMeta": {
        "supports-color": {
          "optional": true
        }
      }
    },
    "node_modules/llparse-builder/node_modules/ms": {
      "version": "2.1.2",
      "resolved": "https://registry.npmjs.org/ms/-/ms-2.1.2.tgz",
      "integrity": "sha512-sGkPx+VjMtmA6MX27oA4FBFELFCZZ4S4XqeGOXCv68tT+jb3vk/RyaKWP0PTKyWtmLSM0b+adUTEvbs1PEaH2w=="
    },
    "node_modules/llparse-frontend": {
      "version": "1.4.0",
      "resolved": "https://registry.npmjs.org/llparse-frontend/-/llparse-frontend-1.4.0.tgz",
      "integrity": "sha512-lUpGvGU9MDPb3k4Wbb0S7FgpceCirXVeFQQZjsYWB3fIEGU0Q6IEiTO91J6MLLN75gsxvGiWZaKVnmcHb7jh6g==",
      "dependencies": {
        "debug": "^3.2.6",
        "llparse-builder": "^1.3.2"
      }
    },
    "node_modules/ms": {
      "version": "2.1.3",
      "resolved": "https://registry.npmjs.org/ms/-/ms-2.1.3.tgz",
      "integrity": "sha512-6FlzubTLZG3J2a/NVCAleEhjzq5oxgHyaCU9yYXvcLsvoVaHJq/s5xXI6/XXP6tz7R9xAOtHnSO/tXtF3WRTlA=="
    },
    "node_modules/napi-macros": {
      "version": "1.8.2",
      "resolved": "https://registry.npmjs.org/napi-macros/-/napi-macros-1.8.2.tgz",
      "integrity": "sha512-Tr0DNY4RzTaBG2W2m3l7ZtFuJChTH6VZhXVhkGGjF/4cZTt+i8GcM9ozD+30Lmr4mDoZ5Xx34t2o4GJqYWDGcg=="
    },
    "node_modules/node-gyp-build": {
      "version": "3.9.0",
      "resolved": "https://registry.npmjs.org/node-gyp-build/-/node-gyp-build-3.9.0.tgz",
      "integrity": "sha512-zLcTg6P4AbcHPq465ZMFNXx7XpKKJh+7kkN699NiQWisR2uWYOWNWqRHAmbnmKiL4e9aLSlmy5U7rEMUXV59+A==",
      "bin": {
        "node-gyp-build": "bin.js",
        "node-gyp-build-optional": "optional.js",
        "node-gyp-build-test": "build-test.js"
      }
    },
    "node_modules/semver": {
      "version": "5.7.1",
      "resolved": "https://registry.npmjs.org/semver/-/semver-5.7.1.tgz",
      "integrity": "sha512-sauaDf/PZdVgrLTNYHRtpXa1iRiKcaebiKQ1BJdpQlWH2lCvexQdX55snPFyK7QzpudqbCI0qXFfOasHdyNDGQ==",
      "bin": {
        "semver": "bin/semver"
      }
    },
    "node_modules/turbo-http": {
      "version": "0.3.2",
      "resolved": "https://registry.npmjs.org/turbo-http/-/turbo-http-0.3.2.tgz",
      "integrity": "sha512-2sgHLek8aTTO5dPQ0B14FRrNnslmmD6osS9g0kRAhfxGSw/rClUFqtJO2LIo6QZwVD+QNvGNywGBc4Of9wbFtg==",
      "dependencies": {
        "http-parser-js": "^0.4.11",
        "turbo-net": "^1.4.0"
      }
    },
    "node_modules/turbo-http/node_modules/http-parser-js": {
      "version": "0.4.13",
      "resolved": "https://registry.npmjs.org/http-parser-js/-/http-parser-js-0.4.13.tgz",
      "integrity": "sha1-O9bW/ebjFyyTNMOzO2wZPYD+ETc="
    },
    "node_modules/turbo-net": {
      "version": "1.4.0",
      "resolved": "https://registry.npmjs.org/turbo-net/-/turbo-net-1.4.0.tgz",
      "integrity": "sha512-S2cnyj7LtGfPPoBNjsobo4s2AKKA4hAJjnB01QKLYXlE+HTcr1kKb5y6xSa1uGtHkee8e5zwYxlcWkDNJwnNLA==",
      "hasInstallScript": true,
      "dependencies": {
        "napi-macros": "^1.3.0",
        "node-gyp-build": "^3.3.0",
        "unordered-set": "^2.0.0"
      }
    },
    "node_modules/unordered-set": {
      "version": "2.0.1",
      "resolved": "https://registry.npmjs.org/unordered-set/-/unordered-set-2.0.1.tgz",
      "integrity": "sha512-eUmNTPzdx+q/WvOHW0bgGYLWvWHNT3PTKEQLg0MAQhc0AHASHVHoP/9YytYd4RBVariqno/mEUhVZN98CmD7bg=="
    }
  },
  "dependencies": {
    "@types/debug": {
      "version": "4.1.5",
      "resolved": "https://registry.npmjs.org/@types/debug/-/debug-4.1.5.tgz",
      "integrity": "sha512-Q1y515GcOdTHgagaVFhHnIFQ38ygs/kmxdNpvpou+raI9UO3YZcHDngBSYKQklcKlvA7iuQlmIKbzvmxcOE9CQ=="
    },
    "@types/semver": {
      "version": "5.5.0",
      "resolved": "https://registry.npmjs.org/@types/semver/-/semver-5.5.0.tgz",
      "integrity": "sha512-41qEJgBH/TWgo5NFSvBCJ1qkoi3Q6ONSF2avrHq1LVEZfYpdHmj0y9SuTK+u9ZhG1sYQKBL1AWXKyLWP4RaUoQ=="
    },
    "binary-search": {
      "version": "1.3.6",
      "resolved": "https://registry.npmjs.org/binary-search/-/binary-search-1.3.6.tgz",
      "integrity": "sha512-nbE1WxOTTrUWIfsfZ4aHGYu5DOuNkbxGokjV6Z2kxfJK3uaAb8zNK1muzOeipoLHZjInT4Br88BHpzevc681xA=="
    },
    "bitcode": {
      "version": "1.2.0",
      "resolved": "https://registry.npmjs.org/bitcode/-/bitcode-1.2.0.tgz",
      "integrity": "sha512-cWgZK/ri/1ZUJ+UKEwP9Cqw10WY5wHz+boMxVO4vvc0btmxa2tMc2m2Zk9HYdCyx4b5+sgQM1/NCJPTIPO1XOw==",
      "requires": {
        "bitcode-builder": "^1.2.0"
      }
    },
    "bitcode-builder": {
      "version": "1.2.0",
      "resolved": "https://registry.npmjs.org/bitcode-builder/-/bitcode-builder-1.2.0.tgz",
      "integrity": "sha512-biuJIhrog5d1IFMaKtHMJ8PJ1L3zxiWdclwYErjOBWf8Gwyqa4XwflvMufzcQw/OUeAArO1AqOrqsOFsWJ94OA=="
    },
    "debug": {
      "version": "3.2.7",
      "resolved": "https://registry.npmjs.org/debug/-/debug-3.2.7.tgz",
      "integrity": "sha512-CFjzYYAi4ThfiQvizrFQevTTXHtnCqWfe7x1AhgEscTz6ZbLbfoLRLPugTQyBth6f8ZERVUSyWHFD/7Wu4t1XQ==",
      "requires": {
        "ms": "^2.1.1"
      }
    },
    "http-parser-js": {
      "version": "0.5.6",
      "resolved": "https://registry.npmjs.org/http-parser-js/-/http-parser-js-0.5.6.tgz",
      "integrity": "sha512-vDlkRPDJn93swjcjqMSaGSPABbIarsr1TLAui/gLDXzV5VsJNdXNzMYDyNBLQkjWQCJ1uizu8T2oDMhmGt0PRA=="
    },
    "llhttp": {
      "version": "1.0.1",
      "resolved": "https://registry.npmjs.org/llhttp/-/llhttp-1.0.1.tgz",
      "integrity": "sha512-/27GfbLIVASdOmyKIMldvv4jgVsQNIXhmg50aP+yT8Xph7C/D+azbx7tyg9NygxT3xB+SYG1UKWGvDTmVAU7Rw==",
      "requires": {
        "@types/semver": "^5.5.0",
        "llparse": "^6.0.1",
        "semver": "^5.6.0"
      }
    },
    "llparse": {
      "version": "6.4.0",
      "resolved": "https://registry.npmjs.org/llparse/-/llparse-6.4.0.tgz",
      "integrity": "sha512-ySA+bj2wOLXrKmohAVMw0Nq84oHDPLdg+sUx4+VeSk1U72MEKfKAXS7zh82n15BRjWc/cVgWBN9RQAFdgk0g5Q==",
      "requires": {
        "bitcode": "^1.2.0",
        "debug": "^3.2.6",
        "llparse-frontend": "^1.4.0"
      }
    },
    "llparse-builder": {
      "version": "1.5.2",
      "resolved": "https://registry.npmjs.org/llparse-builder/-/llparse-builder-1.5.2.tgz",
      "integrity": "sha512-i862UNC3YUEdlfK/NUCJxlKjtWjgAI9AJXDRgjcfRHfwFt4Sf8eFPTRsc91/2R9MBZ0kyFdfhi8SVhMsZf1gNQ==",
      "requires": {
        "@types/debug": "4.1.5  ",
        "binary-search": "^1.3.6",
        "debug": "^4.2.0"
      },
      "dependencies": {
        "debug": {
          "version": "4.3.4",
          "resolved": "https://registry.npmjs.org/debug/-/debug-4.3.4.tgz",
          "integrity": "sha512-PRWFHuSU3eDtQJPvnNY7Jcket1j0t5OuOsFzPPzsekD52Zl8qUfFIPEiswXqIvHWGVHOgX+7G/vCNNhehwxfkQ==",
          "requires": {
            "ms": "2.1.2"
          }
        },
        "ms": {
          "version": "2.1.2",
          "resolved": "https://registry.npmjs.org/ms/-/ms-2.1.2.tgz",
          "integrity": "sha512-sGkPx+VjMtmA6MX27oA4FBFELFCZZ4S4XqeGOXCv68tT+jb3vk/RyaKWP0PTKyWtmLSM0b+adUTEvbs1PEaH2w=="
        }
      }
    },
    "llparse-frontend": {
      "version": "1.4.0",
      "resolved": "https://registry.npmjs.org/llparse-frontend/-/llparse-frontend-1.4.0.tgz",
      "integrity": "sha512-lUpGvGU9MDPb3k4Wbb0S7FgpceCirXVeFQQZjsYWB3fIEGU0Q6IEiTO91J6MLLN75gsxvGiWZaKVnmcHb7jh6g==",
      "requires": {
        "debug": "^3.2.6",
        "llparse-builder": "^1.3.2"
      }
    },
    "ms": {
      "version": "2.1.3",
      "resolved": "https://registry.npmjs.org/ms/-/ms-2.1.3.tgz",
      "integrity": "sha512-6FlzubTLZG3J2a/NVCAleEhjzq5oxgHyaCU9yYXvcLsvoVaHJq/s5xXI6/XXP6tz7R9xAOtHnSO/tXtF3WRTlA=="
    },
    "napi-macros": {
      "version": "1.8.2",
      "resolved": "https://registry.npmjs.org/napi-macros/-/napi-macros-1.8.2.tgz",
      "integrity": "sha512-Tr0DNY4RzTaBG2W2m3l7ZtFuJChTH6VZhXVhkGGjF/4cZTt+i8GcM9ozD+30Lmr4mDoZ5Xx34t2o4GJqYWDGcg=="
    },
    "node-gyp-build": {
      "version": "3.9.0",
      "resolved": "https://registry.npmjs.org/node-gyp-build/-/node-gyp-build-3.9.0.tgz",
      "integrity": "sha512-zLcTg6P4AbcHPq465ZMFNXx7XpKKJh+7kkN699NiQWisR2uWYOWNWqRHAmbnmKiL4e9aLSlmy5U7rEMUXV59+A=="
    },
    "semver": {
      "version": "5.7.1",
      "resolved": "https://registry.npmjs.org/semver/-/semver-5.7.1.tgz",
      "integrity": "sha512-sauaDf/PZdVgrLTNYHRtpXa1iRiKcaebiKQ1BJdpQlWH2lCvexQdX55snPFyK7QzpudqbCI0qXFfOasHdyNDGQ=="
    },
    "turbo-http": {
      "version": "0.3.2",
      "resolved": "https://registry.npmjs.org/turbo-http/-/turbo-http-0.3.2.tgz",
      "integrity": "sha512-2sgHLek8aTTO5dPQ0B14FRrNnslmmD6osS9g0kRAhfxGSw/rClUFqtJO2LIo6QZwVD+QNvGNywGBc4Of9wbFtg==",
      "requires": {
        "http-parser-js": "^0.4.11",
        "turbo-net": "^1.4.0"
      },
      "dependencies": {
        "http-parser-js": {
          "version": "0.4.13",
          "resolved": "https://registry.npmjs.org/http-parser-js/-/http-parser-js-0.4.13.tgz",
          "integrity": "sha1-O9bW/ebjFyyTNMOzO2wZPYD+ETc="
        }
      }
    },
    "turbo-net": {
      "version": "1.4.0",
      "resolved": "https://registry.npmjs.org/turbo-net/-/turbo-net-1.4.0.tgz",
      "integrity": "sha512-S2cnyj7LtGfPPoBNjsobo4s2AKKA4hAJjnB01QKLYXlE+HTcr1kKb5y6xSa1uGtHkee8e5zwYxlcWkDNJwnNLA==",
      "requires": {
        "napi-macros": "^1.3.0",
        "node-gyp-build": "^3.3.0",
        "unordered-set": "^2.0.0"
      }
    },
    "unordered-set": {
      "version": "2.0.1",
      "resolved": "https://registry.npmjs.org/unordered-set/-/unordered-set-2.0.1.tgz",
      "integrity": "sha512-eUmNTPzdx+q/WvOHW0bgGYLWvWHNT3PTKEQLg0MAQhc0AHASHVHoP/9YytYd4RBVariqno/mEUhVZN98CmD7bg=="
    }
  }
}
